Microsoft Visual Studio Solution File, Format Version 11.00
# Visual Studio 2008

Project("{144DB56D-5A9C-CB3B-0942-A9865CD4E573}") = "NewRepo", "Assembly-CSharp.csproj", "{5E931000-1DAA-9399-1D37-DD9BB5394163}"
EndProject
Global
	GlobalSection(SolutionConfigurationPlatforms) = preSolution
		Debug|Any CPU = Debug|Any CPU
		Release|Any CPU = Release|Any CPU
	EndGlobalSection
	GlobalSection(ProjectConfigurationPlatforms) = postSolution
		{5E931000-1DAA-9399-1D37-DD9BB5394163}.Debug|Any CPU.ActiveCfg = Debug|Any CPU
		{5E931000-1DAA-9399-1D37-DD9BB5394163}.Debug|Any CPU.Build.0 = Debug|Any CPU
		{5E931000-1DAA-9399-1D37-DD9BB5394163}.Release|Any CPU.ActiveCfg = Release|Any CPU
		{5E931000-1DAA-9399-1D37-DD9BB5394163}.Release|Any CPU.Build.0 = Release|Any CPU
	EndGlobalSection
	GlobalSection(SolutionProperties) = preSolution
		HideSolutionNode = FALSE
	EndGlobalSection
	GlobalSection(MonoDevelopProperties) = preSolution
		StartupItem = Assembly-CSharp.csproj
	EndGlobalSection
EndGlobal
